
Microsoft Visual Studio Solution File, Format Version 12.00
# Visual Studio Version 16
VisualStudioVersion = 16.0.31624.102
MinimumVisualStudioVersion = 10.0.40219.1
Project("{FAE04EC0-301F-11D3-BF4B-00C04F79EFBC}") = "CoreWebApp", "CoreWebApp\CoreWebApp.csproj", "{636FE2AE-68D4-4929-BB55-83B516B46E06}"
EndProject
Global
	GlobalSection(SolutionConfigurationPlatforms) = preSolution
		Debug|Any CPU = Debug|Any CPU
		Release|Any CPU = Release|Any CPU
	EndGlobalSection
	GlobalSection(ProjectConfigurationPlatforms) = postSolution
		{636FE2AE-68D4-4929-BB55-83B516B46E06}.Debug|Any CPU.ActiveCfg = Debug|Any CPU
		{636FE2AE-68D4-4929-BB55-83B516B46E06}.Debug|Any CPU.Build.0 = Debug|Any CPU
		{636FE2AE-68D4-4929-BB55-83B516B46E06}.Release|Any CPU.ActiveCfg = Release|Any CPU
		{636FE2AE-68D4-4929-BB55-83B516B46E06}.Release|Any CPU.Build.0 = Release|Any CPU
	EndGlobalSection
	GlobalSection(SolutionProperties) = preSolution
		HideSolutionNode = FALSE
	EndGlobalSection
	GlobalSection(ExtensibilityGlobals) = postSolution
		SolutionGuid = {7E868DD4-0198-4198-9C98-E29B13711F23}
	EndGlobalSection
EndGlobal
